
Microsoft Visual Studio Solution File, Format Version 12.00
# Visual Studio 15
VisualStudioVersion = 15.0.27004.2005
MinimumVisualStudioVersion = 10.0.40219.1
Project("{FAE04EC0-301F-11D3-BF4B-00C04F79EFBC}") = "PokeTool", "PokeTool\PokeTool.csproj", "{C59B84B5-4CCE-446D-80A2-2D412CFF56B5}"
EndProject
Global
	GlobalSection(SolutionConfigurationPlatforms) = preSolution
		Debug|Any CPU = Debug|Any CPU
		Release|Any CPU = Release|Any CPU
	EndGlobalSection
	GlobalSection(ProjectConfigurationPlatforms) = postSolution
		{C59B84B5-4CCE-446D-80A2-2D412CFF56B5}.Debug|Any CPU.ActiveCfg = Debug|Any CPU
		{C59B84B5-4CCE-446D-80A2-2D412CFF56B5}.Debug|Any CPU.Build.0 = Debug|Any CPU
		{C59B84B5-4CCE-446D-80A2-2D412CFF56B5}.Release|Any CPU.ActiveCfg = Release|Any CPU
		{C59B84B5-4CCE-446D-80A2-2D412CFF56B5}.Release|Any CPU.Build.0 = Release|Any CPU
	EndGlobalSection
	GlobalSection(SolutionProperties) = preSolution
		HideSolutionNode = FALSE
	EndGlobalSection
	GlobalSection(ExtensibilityGlobals) = postSolution
		SolutionGuid = {E35835CC-4EA8-4531-A63F-763A761FC57D}
	EndGlobalSection
EndGlobal
